
Microsoft Visual Studio Solution File, Format Version 12.00
# Visual Studio Version 16
VisualStudioVersion = 16.0.30225.117
MinimumVisualStudioVersion = 10.0.40219.1
Project("{FAE04EC0-301F-11D3-BF4B-00C04F79EFBC}") = "ListProject", "ListProject\ListProject.csproj", "{EBF46390-D886-4E0C-8601-8FA738220F26}"
EndProject
Global
	GlobalSection(SolutionConfigurationPlatforms) = preSolution
		Debug|Any CPU = Debug|Any CPU
		Release|Any CPU = Release|Any CPU
	EndGlobalSection
	GlobalSection(ProjectConfigurationPlatforms) = postSolution
		{EBF46390-D886-4E0C-8601-8FA738220F26}.Debug|Any CPU.ActiveCfg = Debug|Any CPU
		{EBF46390-D886-4E0C-8601-8FA738220F26}.Debug|Any CPU.Build.0 = Debug|Any CPU
		{EBF46390-D886-4E0C-8601-8FA738220F26}.Release|Any CPU.ActiveCfg = Release|Any CPU
		{EBF46390-D886-4E0C-8601-8FA738220F26}.Release|Any CPU.Build.0 = Release|Any CPU
	EndGlobalSection
	GlobalSection(SolutionProperties) = preSolution
		HideSolutionNode = FALSE
	EndGlobalSection
	GlobalSection(ExtensibilityGlobals) = postSolution
		SolutionGuid = {171BA666-BE23-4559-A3C5-A3333A60006D}
	EndGlobalSection
EndGlobal
